
Microsoft Visual Studio Solution File, Format Version 12.00
# Visual Studio Version 16
VisualStudioVersion = 16.0.31729.503
MinimumVisualStudioVersion = 10.0.40219.1
Project("{FAE04EC0-301F-11D3-BF4B-00C04F79EFBC}") = "RockPaperScissors", "RockPaperScissors\RockPaperScissors.csproj", "{19F32CE8-AA83-4F2D-B1A4-D51F8722AA61}"
EndProject
Global
	GlobalSection(SolutionConfigurationPlatforms) = preSolution
		Debug|Any CPU = Debug|Any CPU
		Release|Any CPU = Release|Any CPU
	EndGlobalSection
	GlobalSection(ProjectConfigurationPlatforms) = postSolution
		{19F32CE8-AA83-4F2D-B1A4-D51F8722AA61}.Debug|Any CPU.ActiveCfg = Debug|Any CPU
		{19F32CE8-AA83-4F2D-B1A4-D51F8722AA61}.Debug|Any CPU.Build.0 = Debug|Any CPU
		{19F32CE8-AA83-4F2D-B1A4-D51F8722AA61}.Release|Any CPU.ActiveCfg = Release|Any CPU
		{19F32CE8-AA83-4F2D-B1A4-D51F8722AA61}.Release|Any CPU.Build.0 = Release|Any CPU
	EndGlobalSection
	GlobalSection(SolutionProperties) = preSolution
		HideSolutionNode = FALSE
	EndGlobalSection
	GlobalSection(ExtensibilityGlobals) = postSolution
		SolutionGuid = {B71663AA-D851-40A8-BC7F-D623D2D0967A}
	EndGlobalSection
EndGlobal
